// !$*UTF8*$!
{
	archiveVersion = 1;
	classes = {
	};
	objectVersion = 56;
	objects = {

/* Begin PBXBuildFile section */
		D41ED4BA299B128700EC648C /* CoffeeChatThemeGeneratorApp.swift in Sources */ = {isa = PBXBuildFile; fileRef = D41ED4B9299B128700EC648C /* CoffeeChatThemeGeneratorApp.swift */; };
		D41ED4BC299B128700EC648C /* ContentView.swift in Sources */ = {isa = PBXBuildFile; fileRef = D41ED4BB299B128700EC648C /* ContentView.swift */; };
		D41ED4BE299B128A00EC648C /* Assets.xcassets in Resources */ = {isa = PBXBuildFile; fileRef = D41ED4BD299B128A00EC648C /* Assets.xcassets */; };
		D41ED4C1299B128A00EC648C /* Preview Assets.xcassets in Resources */ = {isa = PBXBuildFile; fileRef = D41ED4C0299B128A00EC648C /* Preview Assets.xcassets */; };
		D41ED4CB299B128A00EC648C /* CoffeeChatThemeGeneratorTests.swift in Sources */ = {isa = PBXBuildFile; fileRef = D41ED4CA299B128A00EC648C /* CoffeeChatThemeGeneratorTests.swift */; };
		D41ED4D5299B128B00EC648C /* CoffeeChatThemeGeneratorUITests.swift in Sources */ = {isa = PBXBuildFile; fileRef = D41ED4D4299B128B00EC648C /* CoffeeChatThemeGeneratorUITests.swift */; };
		D41ED4D7299B128B00EC648C /* CoffeeChatThemeGeneratorUITestsLaunchTests.swift in Sources */ = {isa = PBXBuildFile; fileRef = D41ED4D6299B128B00EC648C /* CoffeeChatThemeGeneratorUITestsLaunchTests.swift */; };
		D41ED4E5299B136600EC648C /* AppInfoList in Frameworks */ = {isa = PBXBuildFile; productRef = D41ED4E4299B136600EC648C /* AppInfoList */; };
		D41ED4E8299C42B000EC648C /* HTTPMethod.swift in Sources */ = {isa = PBXBuildFile; fileRef = D41ED4E7299C42B000EC648C /* HTTPMethod.swift */; };
		D41ED4EA299C42DF00EC648C /* OpenAIRequest.swift in Sources */ = {isa = PBXBuildFile; fileRef = D41ED4E9299C42DF00EC648C /* OpenAIRequest.swift */; };
		D41ED4EC299C439400EC648C /* OpenAIClientError.swift in Sources */ = {isa = PBXBuildFile; fileRef = D41ED4EB299C439400EC648C /* OpenAIClientError.swift */; };
		D41ED4EE299C43C900EC648C /* OpenAIAPIError.swift in Sources */ = {isa = PBXBuildFile; fileRef = D41ED4ED299C43C900EC648C /* OpenAIAPIError.swift */; };
		D41ED4F1299C447200EC648C /* Theme.swift in Sources */ = {isa = PBXBuildFile; fileRef = D41ED4F0299C447200EC648C /* Theme.swift */; };
		D41ED4F3299C44CC00EC648C /* OpenAIClient.swift in Sources */ = {isa = PBXBuildFile; fileRef = D41ED4F2299C44CC00EC648C /* OpenAIClient.swift */; };
		D41ED4F5299C63C400EC648C /* OpenAIAPI.swift in Sources */ = {isa = PBXBuildFile; fileRef = D41ED4F4299C63C400EC648C /* OpenAIAPI.swift */; };
		D41ED4F7299CE77500EC648C /* Secret.swift in Sources */ = {isa = PBXBuildFile; fileRef = D41ED4F6299CE77500EC648C /* Secret.swift */; };
		D41ED4F9299CE95F00EC648C /* PostCompletion.swift in Sources */ = {isa = PBXBuildFile; fileRef = D41ED4F8299CE95F00EC648C /* PostCompletion.swift */; };
		D41ED4FB299CECBC00EC648C /* CompletionResponse.swift in Sources */ = {isa = PBXBuildFile; fileRef = D41ED4FA299CECBC00EC648C /* CompletionResponse.swift */; };
		D41ED4FD299CEDEA00EC648C /* ThemeResultViewModel.swift in Sources */ = {isa = PBXBuildFile; fileRef = D41ED4FC299CEDEA00EC648C /* ThemeResultViewModel.swift */; };
		D41ED500299DA9BC00EC648C /* Color+Extension.swift in Sources */ = {isa = PBXBuildFile; fileRef = D41ED4FF299DA9BC00EC648C /* Color+Extension.swift */; };
		D41ED50229A1D47400EC648C /* friends.json in Resources */ = {isa = PBXBuildFile; fileRef = D41ED50129A1D47400EC648C /* friends.json */; };
		D41ED50429A1D4A700EC648C /* LottieView.swift in Sources */ = {isa = PBXBuildFile; fileRef = D41ED50329A1D4A700EC648C /* LottieView.swift */; };
		D41ED50729A1D50500EC648C /* Lottie in Frameworks */ = {isa = PBXBuildFile; productRef = D41ED50629A1D50500EC648C /* Lottie */; };
		D41ED50A29A1E0C000EC648C /* ThemeResultScreen.swift in Sources */ = {isa = PBXBuildFile; fileRef = D41ED50929A1E0C000EC648C /* ThemeResultScreen.swift */; };
		D41ED50D29A1F3AB00EC648C /* SettingScreen.swift in Sources */ = {isa = PBXBuildFile; fileRef = D41ED50C29A1F3AB00EC648C /* SettingScreen.swift */; };
		D41ED50F29A1F51300EC648C /* license-list.plist in Resources */ = {isa = PBXBuildFile; fileRef = D41ED50E29A1F51300EC648C /* license-list.plist */; };
/* End PBXBuildFile section */

/* Begin PBXContainerItemProxy section */
		D41ED4C7299B128A00EC648C /* PBXContainerItemProxy */ = {
			isa = PBXContainerItemProxy;
			containerPortal = D41ED4AE299B128700EC648C /* Project object */;
			proxyType = 1;
			remoteGlobalIDString = D41ED4B5299B128700EC648C;
			remoteInfo = CoffeeChatThemeGenerator;
		};
		D41ED4D1299B128B00EC648C /* PBXContainerItemProxy */ = {
			isa = PBXContainerItemProxy;
			containerPortal = D41ED4AE299B128700EC648C /* Project object */;
			proxyType = 1;
			remoteGlobalIDString = D41ED4B5299B128700EC648C;
			remoteInfo = CoffeeChatThemeGenerator;
		};
/* End PBXContainerItemProxy section */

/* Begin PBXFileReference section */
		D41ED4B6299B128700EC648C /* CoffeeChatThemeGenerator.app */ = {isa = PBXFileReference; explicitFileType = wrapper.application; includeInIndex = 0; path = CoffeeChatThemeGenerator.app; sourceTree = BUILT_PRODUCTS_DIR; };
		D41ED4B9299B128700EC648C /* CoffeeChatThemeGeneratorApp.swift */ = {isa = PBXFileReference; lastKnownFileType = sourcecode.swift; path = CoffeeChatThemeGeneratorApp.swift; sourceTree = "<group>"; };
		D41ED4BB299B128700EC648C /* ContentView.swift */ = {isa = PBXFileReference; lastKnownFileType = sourcecode.swift; path = ContentView.swift; sourceTree = "<group>"; };
		D41ED4BD299B128A00EC648C /* Assets.xcassets */ = {isa = PBXFileReference; lastKnownFileType = folder.assetcatalog; path = Assets.xcassets; sourceTree = "<group>"; };
		D41ED4C0299B128A00EC648C /* Preview Assets.xcassets */ = {isa = PBXFileReference; lastKnownFileType = folder.assetcatalog; path = "Preview Assets.xcassets"; sourceTree = "<group>"; };
		D41ED4C6299B128A00EC648C /* CoffeeChatThemeGeneratorTests.xctest */ = {isa = PBXFileReference; explicitFileType = wrapper.cfbundle; includeInIndex = 0; path = CoffeeChatThemeGeneratorTests.xctest; sourceTree = BUILT_PRODUCTS_DIR; };
		D41ED4CA299B128A00EC648C /* CoffeeChatThemeGeneratorTests.swift */ = {isa = PBXFileReference; lastKnownFileType = sourcecode.swift; path = CoffeeChatThemeGeneratorTests.swift; sourceTree = "<group>"; };
		D41ED4D0299B128B00EC648C /* CoffeeChatThemeGeneratorUITests.xctest */ = {isa = PBXFileReference; explicitFileType = wrapper.cfbundle; includeInIndex = 0; path = CoffeeChatThemeGeneratorUITests.xctest; sourceTree = BUILT_PRODUCTS_DIR; };
		D41ED4D4299B128B00EC648C /* CoffeeChatThemeGeneratorUITests.swift */ = {isa = PBXFileReference; lastKnownFileType = sourcecode.swift; path = CoffeeChatThemeGeneratorUITests.swift; sourceTree = "<group>"; };
		D41ED4D6299B128B00EC648C /* CoffeeChatThemeGeneratorUITestsLaunchTests.swift */ = {isa = PBXFileReference; lastKnownFileType = sourcecode.swift; path = CoffeeChatThemeGeneratorUITestsLaunchTests.swift; sourceTree = "<group>"; };
		D41ED4E7299C42B000EC648C /* HTTPMethod.swift */ = {isa = PBXFileReference; lastKnownFileType = sourcecode.swift; path = HTTPMethod.swift; sourceTree = "<group>"; };
		D41ED4E9299C42DF00EC648C /* OpenAIRequest.swift */ = {isa = PBXFileReference; lastKnownFileType = sourcecode.swift; path = OpenAIRequest.swift; sourceTree = "<group>"; };
		D41ED4EB299C439400EC648C /* OpenAIClientError.swift */ = {isa = PBXFileReference; lastKnownFileType = sourcecode.swift; path = OpenAIClientError.swift; sourceTree = "<group>"; };
		D41ED4ED299C43C900EC648C /* OpenAIAPIError.swift */ = {isa = PBXFileReference; lastKnownFileType = sourcecode.swift; path = OpenAIAPIError.swift; sourceTree = "<group>"; };
		D41ED4F0299C447200EC648C /* Theme.swift */ = {isa = PBXFileReference; lastKnownFileType = sourcecode.swift; path = Theme.swift; sourceTree = "<group>"; };
		D41ED4F2299C44CC00EC648C /* OpenAIClient.swift */ = {isa = PBXFileReference; lastKnownFileType = sourcecode.swift; path = OpenAIClient.swift; sourceTree = "<group>"; };
		D41ED4F4299C63C400EC648C /* OpenAIAPI.swift */ = {isa = PBXFileReference; lastKnownFileType = sourcecode.swift; path = OpenAIAPI.swift; sourceTree = "<group>"; };
		D41ED4F6299CE77500EC648C /* Secret.swift */ = {isa = PBXFileReference; lastKnownFileType = sourcecode.swift; path = Secret.swift; sourceTree = "<group>"; };
		D41ED4F8299CE95F00EC648C /* PostCompletion.swift */ = {isa = PBXFileReference; lastKnownFileType = sourcecode.swift; path = PostCompletion.swift; sourceTree = "<group>"; };
		D41ED4FA299CECBC00EC648C /* CompletionResponse.swift */ = {isa = PBXFileReference; lastKnownFileType = sourcecode.swift; path = CompletionResponse.swift; sourceTree = "<group>"; };
		D41ED4FC299CEDEA00EC648C /* ThemeResultViewModel.swift */ = {isa = PBXFileReference; lastKnownFileType = sourcecode.swift; path = ThemeResultViewModel.swift; sourceTree = "<group>"; };
		D41ED4FF299DA9BC00EC648C /* Color+Extension.swift */ = {isa = PBXFileReference; lastKnownFileType = sourcecode.swift; path = "Color+Extension.swift"; sourceTree = "<group>"; };
		D41ED50129A1D47400EC648C /* friends.json */ = {isa = PBXFileReference; fileEncoding = 4; lastKnownFileType = text.json; path = friends.json; sourceTree = "<group>"; };
		D41ED50329A1D4A700EC648C /* LottieView.swift */ = {isa = PBXFileReference; lastKnownFileType = sourcecode.swift; path = LottieView.swift; sourceTree = "<group>"; };
		D41ED50929A1E0C000EC648C /* ThemeResultScreen.swift */ = {isa = PBXFileReference; lastKnownFileType = sourcecode.swift; path = ThemeResultScreen.swift; sourceTree = "<group>"; };
		D41ED50C29A1F3AB00EC648C /* SettingScreen.swift */ = {isa = PBXFileReference; lastKnownFileType = sourcecode.swift; path = SettingScreen.swift; sourceTree = "<group>"; };
		D41ED50E29A1F51300EC648C /* license-list.plist */ = {isa = PBXFileReference; fileEncoding = 4; lastKnownFileType = text.plist.xml; path = "license-list.plist"; sourceTree = "<group>"; };
/* End PBXFileReference section */

/* Begin PBXFrameworksBuildPhase section */
		D41ED4B3299B128700EC648C /* Frameworks */ = {
			isa = PBXFrameworksBuildPhase;
			buildActionMask = 2147483647;
			files = (
				D41ED4E5299B136600EC648C /* AppInfoList in Frameworks */,
				D41ED50729A1D50500EC648C /* Lottie in Frameworks */,
			);
			runOnlyForDeploymentPostprocessing = 0;
		};
		D41ED4C3299B128A00EC648C /* Frameworks */ = {
			isa = PBXFrameworksBuildPhase;
			buildActionMask = 2147483647;
			files = (
			);
			runOnlyForDeploymentPostprocessing = 0;
		};
		D41ED4CD299B128B00EC648C /* Frameworks */ = {
			isa = PBXFrameworksBuildPhase;
			buildActionMask = 2147483647;
			files = (
			);
			runOnlyForDeploymentPostprocessing = 0;
		};
/* End PBXFrameworksBuildPhase section */

/* Begin PBXGroup section */
		D41ED4AD299B128700EC648C = {
			isa = PBXGroup;
			children = (
				D41ED50E29A1F51300EC648C /* license-list.plist */,
				D41ED4B8299B128700EC648C /* CoffeeChatThemeGenerator */,
				D41ED4C9299B128A00EC648C /* CoffeeChatThemeGeneratorTests */,
				D41ED4D3299B128B00EC648C /* CoffeeChatThemeGeneratorUITests */,
				D41ED4B7299B128700EC648C /* Products */,
			);
			sourceTree = "<group>";
		};
		D41ED4B7299B128700EC648C /* Products */ = {
			isa = PBXGroup;
			children = (
				D41ED4B6299B128700EC648C /* CoffeeChatThemeGenerator.app */,
				D41ED4C6299B128A00EC648C /* CoffeeChatThemeGeneratorTests.xctest */,
				D41ED4D0299B128B00EC648C /* CoffeeChatThemeGeneratorUITests.xctest */,
			);
			name = Products;
			sourceTree = "<group>";
		};
		D41ED4B8299B128700EC648C /* CoffeeChatThemeGenerator */ = {
			isa = PBXGroup;
			children = (
				D41ED50B29A1F39F00EC648C /* Setting */,
				D41ED50829A1E0AC00EC648C /* ThemeResult */,
				D41ED4FE299DA9AF00EC648C /* Extension */,
				D41ED4EF299C445000EC648C /* Entity */,
				D41ED4E6299C429D00EC648C /* APIClient */,
				D41ED4B9299B128700EC648C /* CoffeeChatThemeGeneratorApp.swift */,
				D41ED4BB299B128700EC648C /* ContentView.swift */,
				D41ED50329A1D4A700EC648C /* LottieView.swift */,
				D41ED4FC299CEDEA00EC648C /* ThemeResultViewModel.swift */,
				D41ED50129A1D47400EC648C /* friends.json */,
				D41ED4BD299B128A00EC648C /* Assets.xcassets */,
				D41ED4BF299B128A00EC648C /* Preview Content */,
				D41ED4F6299CE77500EC648C /* Secret.swift */,
			);
			path = CoffeeChatThemeGenerator;
			sourceTree = "<group>";
		};
		D41ED4BF299B128A00EC648C /* Preview Content */ = {
			isa = PBXGroup;
			children = (
				D41ED4C0299B128A00EC648C /* Preview Assets.xcassets */,
			);
			path = "Preview Content";
			sourceTree = "<group>";
		};
		D41ED4C9299B128A00EC648C /* CoffeeChatThemeGeneratorTests */ = {
			isa = PBXGroup;
			children = (
				D41ED4CA299B128A00EC648C /* CoffeeChatThemeGeneratorTests.swift */,
			);
			path = CoffeeChatThemeGeneratorTests;
			sourceTree = "<group>";
		};
		D41ED4D3299B128B00EC648C /* CoffeeChatThemeGeneratorUITests */ = {
			isa = PBXGroup;
			children = (
				D41ED4D4299B128B00EC648C /* CoffeeChatThemeGeneratorUITests.swift */,
				D41ED4D6299B128B00EC648C /* CoffeeChatThemeGeneratorUITestsLaunchTests.swift */,
			);
			path = CoffeeChatThemeGeneratorUITests;
			sourceTree = "<group>";
		};
		D41ED4E6299C429D00EC648C /* APIClient */ = {
			isa = PBXGroup;
			children = (
				D41ED4E7299C42B000EC648C /* HTTPMethod.swift */,
				D41ED4E9299C42DF00EC648C /* OpenAIRequest.swift */,
				D41ED4EB299C439400EC648C /* OpenAIClientError.swift */,
				D41ED4ED299C43C900EC648C /* OpenAIAPIError.swift */,
				D41ED4F2299C44CC00EC648C /* OpenAIClient.swift */,
				D41ED4F4299C63C400EC648C /* OpenAIAPI.swift */,
			);
			path = APIClient;
			sourceTree = "<group>";
		};
		D41ED4EF299C445000EC648C /* Entity */ = {
			isa = PBXGroup;
			children = (
				D41ED4F0299C447200EC648C /* Theme.swift */,
				D41ED4F8299CE95F00EC648C /* PostCompletion.swift */,
				D41ED4FA299CECBC00EC648C /* CompletionResponse.swift */,
			);
			path = Entity;
			sourceTree = "<group>";
		};
		D41ED4FE299DA9AF00EC648C /* Extension */ = {
			isa = PBXGroup;
			children = (
				D41ED4FF299DA9BC00EC648C /* Color+Extension.swift */,
			);
			path = Extension;
			sourceTree = "<group>";
		};
		D41ED50829A1E0AC00EC648C /* ThemeResult */ = {
			isa = PBXGroup;
			children = (
				D41ED50929A1E0C000EC648C /* ThemeResultScreen.swift */,
			);
			path = ThemeResult;
			sourceTree = "<group>";
		};
		D41ED50B29A1F39F00EC648C /* Setting */ = {
			isa = PBXGroup;
			children = (
				D41ED50C29A1F3AB00EC648C /* SettingScreen.swift */,
			);
			path = Setting;
			sourceTree = "<group>";
		};
/* End PBXGroup section */

/* Begin PBXNativeTarget section */
		D41ED4B5299B128700EC648C /* CoffeeChatThemeGenerator */ = {
			isa = PBXNativeTarget;
			buildConfigurationList = D41ED4DA299B128B00EC648C /* Build configuration list for PBXNativeTarget "CoffeeChatThemeGenerator" */;
			buildPhases = (
				D41ED4B2299B128700EC648C /* Sources */,
				D41ED4B3299B128700EC648C /* Frameworks */,
				D41ED4B4299B128700EC648C /* Resources */,
				D41ED51029A1F51D00EC648C /* LiseceList */,
			);
			buildRules = (
			);
			dependencies = (
			);
			name = CoffeeChatThemeGenerator;
			packageProductDependencies = (
				D41ED4E4299B136600EC648C /* AppInfoList */,
				D41ED50629A1D50500EC648C /* Lottie */,
			);
			productName = CoffeeChatThemeGenerator;
			productReference = D41ED4B6299B128700EC648C /* CoffeeChatThemeGenerator.app */;
			productType = "com.apple.product-type.application";
		};
		D41ED4C5299B128A00EC648C /* CoffeeChatThemeGeneratorTests */ = {
			isa = PBXNativeTarget;
			buildConfigurationList = D41ED4DD299B128B00EC648C /* Build configuration list for PBXNativeTarget "CoffeeChatThemeGeneratorTests" */;
			buildPhases = (
				D41ED4C2299B128A00EC648C /* Sources */,
				D41ED4C3299B128A00EC648C /* Frameworks */,
				D41ED4C4299B128A00EC648C /* Resources */,
			);
			buildRules = (
			);
			dependencies = (
				D41ED4C8299B128A00EC648C /* PBXTargetDependency */,
			);
			name = CoffeeChatThemeGeneratorTests;
			productName = CoffeeChatThemeGeneratorTests;
			productReference = D41ED4C6299B128A00EC648C /* CoffeeChatThemeGeneratorTests.xctest */;
			productType = "com.apple.product-type.bundle.unit-test";
		};
		D41ED4CF299B128B00EC648C /* CoffeeChatThemeGeneratorUITests */ = {
			isa = PBXNativeTarget;
			buildConfigurationList = D41ED4E0299B128B00EC648C /* Build configuration list for PBXNativeTarget "CoffeeChatThemeGeneratorUITests" */;
			buildPhases = (
				D41ED4CC299B128B00EC648C /* Sources */,
				D41ED4CD299B128B00EC648C /* Frameworks */,
				D41ED4CE299B128B00EC648C /* Resources */,
			);
			buildRules = (
			);
			dependencies = (
				D41ED4D2299B128B00EC648C /* PBXTargetDependency */,
			);
			name = CoffeeChatThemeGeneratorUITests;
			productName = CoffeeChatThemeGeneratorUITests;
			productReference = D41ED4D0299B128B00EC648C /* CoffeeChatThemeGeneratorUITests.xctest */;
			productType = "com.apple.product-type.bundle.ui-testing";
		};
/* End PBXNativeTarget section */

/* Begin PBXProject section */
		D41ED4AE299B128700EC648C /* Project object */ = {
			isa = PBXProject;
			attributes = {
				BuildIndependentTargetsInParallel = 1;
				LastSwiftUpdateCheck = 1420;
				LastUpgradeCheck = 1420;
				TargetAttributes = {
					D41ED4B5299B128700EC648C = {
						CreatedOnToolsVersion = 14.2;
					};
					D41ED4C5299B128A00EC648C = {
						CreatedOnToolsVersion = 14.2;
						TestTargetID = D41ED4B5299B128700EC648C;
					};
					D41ED4CF299B128B00EC648C = {
						CreatedOnToolsVersion = 14.2;
						TestTargetID = D41ED4B5299B128700EC648C;
					};
				};
			};
			buildConfigurationList = D41ED4B1299B128700EC648C /* Build configuration list for PBXProject "CoffeeChatThemeGenerator" */;
			compatibilityVersion = "Xcode 14.0";
			developmentRegion = en;
			hasScannedForEncodings = 0;
			knownRegions = (
				en,
				Base,
			);
			mainGroup = D41ED4AD299B128700EC648C;
			packageReferences = (
				D41ED4E3299B136600EC648C /* XCRemoteSwiftPackageReference "AppInfoList" */,
				D41ED50529A1D50500EC648C /* XCRemoteSwiftPackageReference "lottie-ios" */,
			);
			productRefGroup = D41ED4B7299B128700EC648C /* Products */;
			projectDirPath = "";
			projectRoot = "";
			targets = (
				D41ED4B5299B128700EC648C /* CoffeeChatThemeGenerator */,
				D41ED4C5299B128A00EC648C /* CoffeeChatThemeGeneratorTests */,
				D41ED4CF299B128B00EC648C /* CoffeeChatThemeGeneratorUITests */,
			);
		};
/* End PBXProject section */

/* Begin PBXResourcesBuildPhase section */
		D41ED4B4299B128700EC648C /* Resources */ = {
			isa = PBXResourcesBuildPhase;
			buildActionMask = 2147483647;
			files = (
				D41ED50F29A1F51300EC648C /* license-list.plist in Resources */,
				D41ED4C1299B128A00EC648C /* Preview Assets.xcassets in Resources */,
				D41ED4BE299B128A00EC648C /* Assets.xcassets in Resources */,
				D41ED50229A1D47400EC648C /* friends.json in Resources */,
			);
			runOnlyForDeploymentPostprocessing = 0;
		};
		D41ED4C4299B128A00EC648C /* Resources */ = {
			isa = PBXResourcesBuildPhase;
			buildActionMask = 2147483647;
			files = (
			);
			runOnlyForDeploymentPostprocessing = 0;
		};
		D41ED4CE299B128B00EC648C /* Resources */ = {
			isa = PBXResourcesBuildPhase;
			buildActionMask = 2147483647;
			files = (
			);
			runOnlyForDeploymentPostprocessing = 0;
		};
/* End PBXResourcesBuildPhase section */

/* Begin PBXShellScriptBuildPhase section */
		D41ED51029A1F51D00EC648C /* LiseceList */ = {
			isa = PBXShellScriptBuildPhase;
			buildActionMask = 2147483647;
			files = (
			);
			inputFileListPaths = (
			);
			inputPaths = (
			);
			name = LiseceList;
			outputFileListPaths = (
			);
			outputPaths = (
			);
			runOnlyForDeploymentPostprocessing = 0;
			shellPath = /bin/sh;
			shellScript = "SOURCE_PACKAGES_PATH=`echo ${BUILD_DIR%Build/*}SourcePackages`\n\n# Build SourcePackagesParser\nxcrun --sdk macosx swift build -c release \\\n  --package-path ${SOURCE_PACKAGES_PATH}/checkouts/LicenseList \\\n  --product spp\n\n# Run SourcePackagesParser\n${SOURCE_PACKAGES_PATH}/checkouts/LicenseList/.build/release/spp ${SRCROOT} ${SOURCE_PACKAGES_PATH}\n";
		};
/* End PBXShellScriptBuildPhase section */

/* Begin PBXSourcesBuildPhase section */
		D41ED4B2299B128700EC648C /* Sources */ = {
			isa = PBXSourcesBuildPhase;
			buildActionMask = 2147483647;
			files = (
				D41ED500299DA9BC00EC648C /* Color+Extension.swift in Sources */,
				D41ED4FB299CECBC00EC648C /* CompletionResponse.swift in Sources */,
				D41ED50429A1D4A700EC648C /* LottieView.swift in Sources */,
				D41ED4F3299C44CC00EC648C /* OpenAIClient.swift in Sources */,
				D41ED50A29A1E0C000EC648C /* ThemeResultScreen.swift in Sources */,
				D41ED4F7299CE77500EC648C /* Secret.swift in Sources */,
				D41ED4F5299C63C400EC648C /* OpenAIAPI.swift in Sources */,
				D41ED4BC299B128700EC648C /* ContentView.swift in Sources */,
				D41ED50D29A1F3AB00EC648C /* SettingScreen.swift in Sources */,
				D41ED4EE299C43C900EC648C /* OpenAIAPIError.swift in Sources */,
				D41ED4BA299B128700EC648C /* CoffeeChatThemeGeneratorApp.swift in Sources */,
				D41ED4E8299C42B000EC648C /* HTTPMethod.swift in Sources */,
				D41ED4F9299CE95F00EC648C /* PostCompletion.swift in Sources */,
				D41ED4EA299C42DF00EC648C /* OpenAIRequest.swift in Sources */,
				D41ED4EC299C439400EC648C /* OpenAIClientError.swift in Sources */,
				D41ED4F1299C447200EC648C /* Theme.swift in Sources */,
				D41ED4FD299CEDEA00EC648C /* ThemeResultViewModel.swift in Sources */,
			);
			runOnlyForDeploymentPostprocessing = 0;
		};
		D41ED4C2299B128A00EC648C /* Sources */ = {
			isa = PBXSourcesBuildPhase;
			buildActionMask = 2147483647;
			files = (
				D41ED4CB299B128A00EC648C /* CoffeeChatThemeGeneratorTests.swift in Sources */,
			);
			runOnlyForDeploymentPostprocessing = 0;
		};
		D41ED4CC299B128B00EC648C /* Sources */ = {
			isa = PBXSourcesBuildPhase;
			buildActionMask = 2147483647;
			files = (
				D41ED4D7299B128B00EC648C /* CoffeeChatThemeGeneratorUITestsLaunchTests.swift in Sources */,
				D41ED4D5299B128B00EC648C /* CoffeeChatThemeGeneratorUITests.swift in Sources */,
			);
			runOnlyForDeploymentPostprocessing = 0;
		};
/* End PBXSourcesBuildPhase section */

/* Begin PBXTargetDependency section */
		D41ED4C8299B128A00EC648C /* PBXTargetDependency */ = {
			isa = PBXTargetDependency;
			target = D41ED4B5299B128700EC648C /* CoffeeChatThemeGenerator */;
			targetProxy = D41ED4C7299B128A00EC648C /* PBXContainerItemProxy */;
		};
		D41ED4D2299B128B00EC648C /* PBXTargetDependency */ = {
			isa = PBXTargetDependency;
			target = D41ED4B5299B128700EC648C /* CoffeeChatThemeGenerator */;
			targetProxy = D41ED4D1299B128B00EC648C /* PBXContainerItemProxy */;
		};
/* End PBXTargetDependency section */

/* Begin XCBuildConfiguration section */
		D41ED4D8299B128B00EC648C /* Debug */ = {
			isa = XCBuildConfiguration;
			buildSettings = {
				ALWAYS_SEARCH_USER_PATHS = NO;
				CLANG_ANALYZER_NONNULL = YES;
				CLANG_ANALYZER_NUMBER_OBJECT_CONVERSION = YES_AGGRESSIVE;
				CLANG_CXX_LANGUAGE_STANDARD = "gnu++20";
				CLANG_ENABLE_MODULES = YES;
				CLANG_ENABLE_OBJC_ARC = YES;
				CLANG_ENABLE_OBJC_WEAK = YES;
				CLANG_WARN_BLOCK_CAPTURE_AUTORELEASING = YES;
				CLANG_WARN_BOOL_CONVERSION = YES;
				CLANG_WARN_COMMA = YES;
				CLANG_WARN_CONSTANT_CONVERSION = YES;
				CLANG_WARN_DEPRECATED_OBJC_IMPLEMENTATIONS = YES;
				CLANG_WARN_DIRECT_OBJC_ISA_USAGE = YES_ERROR;
				CLANG_WARN_DOCUMENTATION_COMMENTS = YES;
				CLANG_WARN_EMPTY_BODY = YES;
				CLANG_WARN_ENUM_CONVERSION = YES;
				CLANG_WARN_INFINITE_RECURSION = YES;
				CLANG_WARN_INT_CONVERSION = YES;
				CLANG_WARN_NON_LITERAL_NULL_CONVERSION = YES;
				CLANG_WARN_OBJC_IMPLICIT_RETAIN_SELF = YES;
				CLANG_WARN_OBJC_LITERAL_CONVERSION = YES;
				CLANG_WARN_OBJC_ROOT_CLASS = YES_ERROR;
				CLANG_WARN_QUOTED_INCLUDE_IN_FRAMEWORK_HEADER = YES;
				CLANG_WARN_RANGE_LOOP_ANALYSIS = YES;
				CLANG_WARN_STRICT_PROTOTYPES = YES;
				CLANG_WARN_SUSPICIOUS_MOVE = YES;
				CLANG_WARN_UNGUARDED_AVAILABILITY = YES_AGGRESSIVE;
				CLANG_WARN_UNREACHABLE_CODE = YES;
				CLANG_WARN__DUPLICATE_METHOD_MATCH = YES;
				COPY_PHASE_STRIP = NO;
				DEBUG_INFORMATION_FORMAT = dwarf;
				ENABLE_STRICT_OBJC_MSGSEND = YES;
				ENABLE_TESTABILITY = YES;
				GCC_C_LANGUAGE_STANDARD = gnu11;
				GCC_DYNAMIC_NO_PIC = NO;
				GCC_NO_COMMON_BLOCKS = YES;
				GCC_OPTIMIZATION_LEVEL = 0;
				GCC_PREPROCESSOR_DEFINITIONS = (
					"DEBUG=1",
					"$(inherited)",
				);
				GCC_WARN_64_TO_32_BIT_CONVERSION = YES;
				GCC_WARN_ABOUT_RETURN_TYPE = YES_ERROR;
				GCC_WARN_UNDECLARED_SELECTOR = YES;
				GCC_WARN_UNINITIALIZED_AUTOS = YES_AGGRESSIVE;
				GCC_WARN_UNUSED_FUNCTION = YES;
				GCC_WARN_UNUSED_VARIABLE = YES;
				IPHONEOS_DEPLOYMENT_TARGET = 16.2;
				MTL_ENABLE_DEBUG_INFO = INCLUDE_SOURCE;
				MTL_FAST_MATH = YES;
				ONLY_ACTIVE_ARCH = YES;
				SDKROOT = iphoneos;
				SWIFT_ACTIVE_COMPILATION_CONDITIONS = DEBUG;
				SWIFT_OPTIMIZATION_LEVEL = "-Onone";
			};
			name = Debug;
		};
		D41ED4D9299B128B00EC648C /* Release */ = {
			isa = XCBuildConfiguration;
			buildSettings = {
				ALWAYS_SEARCH_USER_PATHS = NO;
				CLANG_ANALYZER_NONNULL = YES;
				CLANG_ANALYZER_NUMBER_OBJECT_CONVERSION = YES_AGGRESSIVE;
				CLANG_CXX_LANGUAGE_STANDARD = "gnu++20";
				CLANG_ENABLE_MODULES = YES;
				CLANG_ENABLE_OBJC_ARC = YES;
				CLANG_ENABLE_OBJC_WEAK = YES;
				CLANG_WARN_BLOCK_CAPTURE_AUTORELEASING = YES;
				CLANG_WARN_BOOL_CONVERSION = YES;
				CLANG_WARN_COMMA = YES;
				CLANG_WARN_CONSTANT_CONVERSION = YES;
				CLANG_WARN_DEPRECATED_OBJC_IMPLEMENTATIONS = YES;
				CLANG_WARN_DIRECT_OBJC_ISA_USAGE = YES_ERROR;
				CLANG_WARN_DOCUMENTATION_COMMENTS = YES;
				CLANG_WARN_EMPTY_BODY = YES;
				CLANG_WARN_ENUM_CONVERSION = YES;
				CLANG_WARN_INFINITE_RECURSION = YES;
				CLANG_WARN_INT_CONVERSION = YES;
				CLANG_WARN_NON_LITERAL_NULL_CONVERSION = YES;
				CLANG_WARN_OBJC_IMPLICIT_RETAIN_SELF = YES;
				CLANG_WARN_OBJC_LITERAL_CONVERSION = YES;
				CLANG_WARN_OBJC_ROOT_CLASS = YES_ERROR;
				CLANG_WARN_QUOTED_INCLUDE_IN_FRAMEWORK_HEADER = YES;
				CLANG_WARN_RANGE_LOOP_ANALYSIS = YES;
				CLANG_WARN_STRICT_PROTOTYPES = YES;
				CLANG_WARN_SUSPICIOUS_MOVE = YES;
				CLANG_WARN_UNGUARDED_AVAILABILITY = YES_AGGRESSIVE;
				CLANG_WARN_UNREACHABLE_CODE = YES;
				CLANG_WARN__DUPLICATE_METHOD_MATCH = YES;
				COPY_PHASE_STRIP = NO;
				DEBUG_INFORMATION_FORMAT = "dwarf-with-dsym";
				ENABLE_NS_ASSERTIONS = NO;
				ENABLE_STRICT_OBJC_MSGSEND = YES;
				GCC_C_LANGUAGE_STANDARD = gnu11;
				GCC_NO_COMMON_BLOCKS = YES;
				GCC_WARN_64_TO_32_BIT_CONVERSION = YES;
				GCC_WARN_ABOUT_RETURN_TYPE = YES_ERROR;
				GCC_WARN_UNDECLARED_SELECTOR = YES;
				GCC_WARN_UNINITIALIZED_AUTOS = YES_AGGRESSIVE;
				GCC_WARN_UNUSED_FUNCTION = YES;
				GCC_WARN_UNUSED_VARIABLE = YES;
				IPHONEOS_DEPLOYMENT_TARGET = 16.2;
				MTL_ENABLE_DEBUG_INFO = NO;
				MTL_FAST_MATH = YES;
				SDKROOT = iphoneos;
				SWIFT_COMPILATION_MODE = wholemodule;
				SWIFT_OPTIMIZATION_LEVEL = "-O";
				VALIDATE_PRODUCT = YES;
			};
			name = Release;
		};
		D41ED4DB299B128B00EC648C /* Debug */ = {
			isa = XCBuildConfiguration;
			buildSettings = {
				ASSETCATALOG_COMPILER_APPICON_NAME = AppIcon;
				ASSETCATALOG_COMPILER_GLOBAL_ACCENT_COLOR_NAME = AccentColor;
				CODE_SIGN_STYLE = Automatic;
				CURRENT_PROJECT_VERSION = 1;
				DEVELOPMENT_ASSET_PATHS = "\"CoffeeChatThemeGenerator/Preview Content\"";
				DEVELOPMENT_TEAM = 95L82PNXV3;
				ENABLE_PREVIEWS = YES;
				GENERATE_INFOPLIST_FILE = YES;
				INFOPLIST_KEY_CFBundleDisplayName = TopicGen;
				INFOPLIST_KEY_UIApplicationSceneManifest_Generation = YES;
				INFOPLIST_KEY_UIApplicationSupportsIndirectInputEvents = YES;
				INFOPLIST_KEY_UILaunchScreen_Generation = YES;
				INFOPLIST_KEY_UISupportedInterfaceOrientations = UIInterfaceOrientationPortrait;
				INFOPLIST_KEY_UISupportedInterfaceOrientations_iPad = "UIInterfaceOrientationLandscapeLeft UIInterfaceOrientationLandscapeRight UIInterfaceOrientationPortrait UIInterfaceOrientationPortraitUpsideDown";
				INFOPLIST_KEY_UIUserInterfaceStyle = Light;
				LD_RUNPATH_SEARCH_PATHS = (
					"$(inherited)",
					"@executable_path/Frameworks",
				);
				MARKETING_VERSION = 1.1;
				PRODUCT_BUNDLE_IDENTIFIER = com.kamimi.CoffeeChatThemeGenerator;
				PRODUCT_NAME = "$(TARGET_NAME)";
				SWIFT_EMIT_LOC_STRINGS = YES;
				SWIFT_VERSION = 5.0;
				TARGETED_DEVICE_FAMILY = 1;
			};
			name = Debug;
		};
		D41ED4DC299B128B00EC648C /* Release */ = {
			isa = XCBuildConfiguration;
			buildSettings = {
				ASSETCATALOG_COMPILER_APPICON_NAME = AppIcon;
				ASSETCATALOG_COMPILER_GLOBAL_ACCENT_COLOR_NAME = AccentColor;
				CODE_SIGN_STYLE = Automatic;
				CURRENT_PROJECT_VERSION = 1;
				DEVELOPMENT_ASSET_PATHS = "\"CoffeeChatThemeGenerator/Preview Content\"";
				DEVELOPMENT_TEAM = 95L82PNXV3;
				ENABLE_PREVIEWS = YES;
				GENERATE_INFOPLIST_FILE = YES;
				INFOPLIST_KEY_CFBundleDisplayName = TopicGen;
				INFOPLIST_KEY_UIApplicationSceneManifest_Generation = YES;
				INFOPLIST_KEY_UIApplicationSupportsIndirectInputEvents = YES;
				INFOPLIST_KEY_UILaunchScreen_Generation = YES;
				INFOPLIST_KEY_UISupportedInterfaceOrientations = UIInterfaceOrientationPortrait;
				INFOPLIST_KEY_UISupportedInterfaceOrientations_iPad = "UIInterfaceOrientationLandscapeLeft UIInterfaceOrientationLandscapeRight UIInterfaceOrientationPortrait UIInterfaceOrientationPortraitUpsideDown";
				INFOPLIST_KEY_UIUserInterfaceStyle = Light;
				LD_RUNPATH_SEARCH_PATHS = (
					"$(inherited)",
					"@executable_path/Frameworks",
				);
				MARKETING_VERSION = 1.1;
				PRODUCT_BUNDLE_IDENTIFIER = com.kamimi.CoffeeChatThemeGenerator;
				PRODUCT_NAME = "$(TARGET_NAME)";
				SWIFT_EMIT_LOC_STRINGS = YES;
				SWIFT_VERSION = 5.0;
				TARGETED_DEVICE_FAMILY = 1;
			};
			name = Release;
		};
		D41ED4DE299B128B00EC648C /* Debug */ = {
			isa = XCBuildConfiguration;
			buildSettings = {
				ALWAYS_EMBED_SWIFT_STANDARD_LIBRARIES = YES;
				BUNDLE_LOADER = "$(TEST_HOST)";
				CODE_SIGN_STYLE = Automatic;
				CURRENT_PROJECT_VERSION = 1;
				DEVELOPMENT_TEAM = 95L82PNXV3;
				GENERATE_INFOPLIST_FILE = YES;
				IPHONEOS_DEPLOYMENT_TARGET = 16.2;
				MARKETING_VERSION = 1.0;
				PRODUCT_BUNDLE_IDENTIFIER = com.kamimi.CoffeeChatThemeGeneratorTests;
				PRODUCT_NAME = "$(TARGET_NAME)";
				SWIFT_EMIT_LOC_STRINGS = NO;
				SWIFT_VERSION = 5.0;
				TARGETED_DEVICE_FAMILY = 1;
				TEST_HOST = "$(BUILT_PRODUCTS_DIR)/CoffeeChatThemeGenerator.app/$(BUNDLE_EXECUTABLE_FOLDER_PATH)/CoffeeChatThemeGenerator";
			};
			name = Debug;
		};
		D41ED4DF299B128B00EC648C /* Release */ = {
			isa = XCBuildConfiguration;
			buildSettings = {
				ALWAYS_EMBED_SWIFT_STANDARD_LIBRARIES = YES;
				BUNDLE_LOADER = "$(TEST_HOST)";
				CODE_SIGN_STYLE = Automatic;
				CURRENT_PROJECT_VERSION = 1;
				DEVELOPMENT_TEAM = 95L82PNXV3;
				GENERATE_INFOPLIST_FILE = YES;
				IPHONEOS_DEPLOYMENT_TARGET = 16.2;
				MARKETING_VERSION = 1.0;
				PRODUCT_BUNDLE_IDENTIFIER = com.kamimi.CoffeeChatThemeGeneratorTests;
				PRODUCT_NAME = "$(TARGET_NAME)";
				SWIFT_EMIT_LOC_STRINGS = NO;
				SWIFT_VERSION = 5.0;
				TARGETED_DEVICE_FAMILY = 1;
				TEST_HOST = "$(BUILT_PRODUCTS_DIR)/CoffeeChatThemeGenerator.app/$(BUNDLE_EXECUTABLE_FOLDER_PATH)/CoffeeChatThemeGenerator";
			};
			name = Release;
		};
		D41ED4E1299B128B00EC648C /* Debug */ = {
			isa = XCBuildConfiguration;
			buildSettings = {
				ALWAYS_EMBED_SWIFT_STANDARD_LIBRARIES = YES;
				CODE_SIGN_STYLE = Automatic;
				CURRENT_PROJECT_VERSION = 1;
				DEVELOPMENT_TEAM = 95L82PNXV3;
				GENERATE_INFOPLIST_FILE = YES;
				MARKETING_VERSION = 1.0;
				PRODUCT_BUNDLE_IDENTIFIER = com.kamimi.CoffeeChatThemeGeneratorUITests;
				PRODUCT_NAME = "$(TARGET_NAME)";
				SWIFT_EMIT_LOC_STRINGS = NO;
				SWIFT_VERSION = 5.0;
				TARGETED_DEVICE_FAMILY = 1;
				TEST_TARGET_NAME = CoffeeChatThemeGenerator;
			};
			name = Debug;
		};
		D41ED4E2299B128B00EC648C /* Release */ = {
			isa = XCBuildConfiguration;
			buildSettings = {
				ALWAYS_EMBED_SWIFT_STANDARD_LIBRARIES = YES;
				CODE_SIGN_STYLE = Automatic;
				CURRENT_PROJECT_VERSION = 1;
				DEVELOPMENT_TEAM = 95L82PNXV3;
				GENERATE_INFOPLIST_FILE = YES;
				MARKETING_VERSION = 1.0;
				PRODUCT_BUNDLE_IDENTIFIER = com.kamimi.CoffeeChatThemeGeneratorUITests;
				PRODUCT_NAME = "$(TARGET_NAME)";
				SWIFT_EMIT_LOC_STRINGS = NO;
				SWIFT_VERSION = 5.0;
				TARGETED_DEVICE_FAMILY = 1;
				TEST_TARGET_NAME = CoffeeChatThemeGenerator;
			};
			name = Release;
		};
/* End XCBuildConfiguration section */

/* Begin XCConfigurationList section */
		D41ED4B1299B128700EC648C /* Build configuration list for PBXProject "CoffeeChatThemeGenerator" */ = {
			isa = XCConfigurationList;
			buildConfigurations = (
				D41ED4D8299B128B00EC648C /* Debug */,
				D41ED4D9299B128B00EC648C /* Release */,
			);
			defaultConfigurationIsVisible = 0;
			defaultConfigurationName = Release;
		};
		D41ED4DA299B128B00EC648C /* Build configuration list for PBXNativeTarget "CoffeeChatThemeGenerator" */ = {
			isa = XCConfigurationList;
			buildConfigurations = (
				D41ED4DB299B128B00EC648C /* Debug */,
				D41ED4DC299B128B00EC648C /* Release */,
			);
			defaultConfigurationIsVisible = 0;
			defaultConfigurationName = Release;
		};
		D41ED4DD299B128B00EC648C /* Build configuration list for PBXNativeTarget "CoffeeChatThemeGeneratorTests" */ = {
			isa = XCConfigurationList;
			buildConfigurations = (
				D41ED4DE299B128B00EC648C /* Debug */,
				D41ED4DF299B128B00EC648C /* Release */,
			);
			defaultConfigurationIsVisible = 0;
			defaultConfigurationName = Release;
		};
		D41ED4E0299B128B00EC648C /* Build configuration list for PBXNativeTarget "CoffeeChatThemeGeneratorUITests" */ = {
			isa = XCConfigurationList;
			buildConfigurations = (
				D41ED4E1299B128B00EC648C /* Debug */,
				D41ED4E2299B128B00EC648C /* Release */,
			);
			defaultConfigurationIsVisible = 0;
			defaultConfigurationName = Release;
		};
/* End XCConfigurationList section */

/* Begin XCRemoteSwiftPackageReference section */
		D41ED4E3299B136600EC648C /* XCRemoteSwiftPackageReference "AppInfoList" */ = {
			isa = XCRemoteSwiftPackageReference;
			repositoryURL = "https://github.com/kamimi01/AppInfoList.git";
			requirement = {
				branch = main;
				kind = branch;
			};
		};
		D41ED50529A1D50500EC648C /* XCRemoteSwiftPackageReference "lottie-ios" */ = {
			isa = XCRemoteSwiftPackageReference;
			repositoryURL = "https://github.com/airbnb/lottie-ios";
			requirement = {
				kind = exactVersion;
				version = 4.1.3;
			};
		};
/* End XCRemoteSwiftPackageReference section */

/* Begin XCSwiftPackageProductDependency section */
		D41ED4E4299B136600EC648C /* AppInfoList */ = {
			isa = XCSwiftPackageProductDependency;
			package = D41ED4E3299B136600EC648C /* XCRemoteSwiftPackageReference "AppInfoList" */;
			productName = AppInfoList;
		};
		D41ED50629A1D50500EC648C /* Lottie */ = {
			isa = XCSwiftPackageProductDependency;
			package = D41ED50529A1D50500EC648C /* XCRemoteSwiftPackageReference "lottie-ios" */;
			productName = Lottie;
		};
/* End XCSwiftPackageProductDependency section */
	};
	rootObject = D41ED4AE299B128700EC648C /* Project object */;
}
